
Microsoft Visual Studio Solution File, Format Version 12.00
# Visual Studio Version 16
VisualStudioVersion = 16.0.31313.79
MinimumVisualStudioVersion = 10.0.40219.1
Project("{FAE04EC0-301F-11D3-BF4B-00C04F79EFBC}") = "LearningManagementSystem", "LearningManagementSystem.csproj", "{F415006C-23D4-4537-9290-8B834C597921}"
EndProject
Global
	GlobalSection(SolutionConfigurationPlatforms) = preSolution
		Debug|Any CPU = Debug|Any CPU
		Release|Any CPU = Release|Any CPU
	EndGlobalSection
	GlobalSection(ProjectConfigurationPlatforms) = postSolution
		{F415006C-23D4-4537-9290-8B834C597921}.Debug|Any CPU.ActiveCfg = Debug|Any CPU
		{F415006C-23D4-4537-9290-8B834C597921}.Debug|Any CPU.Build.0 = Debug|Any CPU
		{F415006C-23D4-4537-9290-8B834C597921}.Release|Any CPU.ActiveCfg = Release|Any CPU
		{F415006C-23D4-4537-9290-8B834C597921}.Release|Any CPU.Build.0 = Release|Any CPU
	EndGlobalSection
	GlobalSection(SolutionProperties) = preSolution
		HideSolutionNode = FALSE
	EndGlobalSection
	GlobalSection(ExtensibilityGlobals) = postSolution
		SolutionGuid = {0722ECC4-54E5-47E3-BE69-58AE759E5614}
	EndGlobalSection
EndGlobal
